
Microsoft Visual Studio Solution File, Format Version 12.00
# Visual Studio 14
VisualStudioVersion = 14.0.25420.1
MinimumVisualStudioVersion = 10.0.40219.1
Project("{FAE04EC0-301F-11D3-BF4B-00C04F79EFBC}") = "BankAccountRegister", "BankAccountRegister\BankAccountRegister.csproj", "{541837EF-76E5-41E3-AF79-7C6720D8A7FE}"
EndProject
Project("{FAE04EC0-301F-11D3-BF4B-00C04F79EFBC}") = "WithDrawalOrderRequest", "WithDrawalOrderRequest\WithDrawalOrderRequest.csproj", "{9D36E82A-71F6-4DBB-BF56-0E3841D18A3C}"
EndProject
Project("{FAE04EC0-301F-11D3-BF4B-00C04F79EFBC}") = "MemberRegister", "MemberRegister\MemberRegister.csproj", "{78D4E10B-0DC4-4774-B46D-477101F3A1D3}"
EndProject
Project("{FAE04EC0-301F-11D3-BF4B-00C04F79EFBC}") = "TransferRequest", "TransferRequest\TransferRequest.csproj", "{891D67B2-641A-4D37-8E3E-9CF7D7BF3C51}"
EndProject
Project("{FAE04EC0-301F-11D3-BF4B-00C04F79EFBC}") = "Model", "Model\Model.csproj", "{B5A856A2-DDB7-4D9B-8241-A55B9300239C}"
EndProject
Project("{FAE04EC0-301F-11D3-BF4B-00C04F79EFBC}") = "test", "test\test.csproj", "{52A493D2-DFFA-4667-9F76-E9E9773F1888}"
EndProject
Global
	GlobalSection(SolutionConfigurationPlatforms) = preSolution
		Debug|Any CPU = Debug|Any CPU
		Release|Any CPU = Release|Any CPU
	EndGlobalSection
	GlobalSection(ProjectConfigurationPlatforms) = postSolution
		{541837EF-76E5-41E3-AF79-7C6720D8A7FE}.Debug|Any CPU.ActiveCfg = Debug|Any CPU
		{541837EF-76E5-41E3-AF79-7C6720D8A7FE}.Debug|Any CPU.Build.0 = Debug|Any CPU
		{541837EF-76E5-41E3-AF79-7C6720D8A7FE}.Release|Any CPU.ActiveCfg = Release|Any CPU
		{541837EF-76E5-41E3-AF79-7C6720D8A7FE}.Release|Any CPU.Build.0 = Release|Any CPU
		{9D36E82A-71F6-4DBB-BF56-0E3841D18A3C}.Debug|Any CPU.ActiveCfg = Debug|Any CPU
		{9D36E82A-71F6-4DBB-BF56-0E3841D18A3C}.Debug|Any CPU.Build.0 = Debug|Any CPU
		{9D36E82A-71F6-4DBB-BF56-0E3841D18A3C}.Release|Any CPU.ActiveCfg = Release|Any CPU
		{9D36E82A-71F6-4DBB-BF56-0E3841D18A3C}.Release|Any CPU.Build.0 = Release|Any CPU
		{78D4E10B-0DC4-4774-B46D-477101F3A1D3}.Debug|Any CPU.ActiveCfg = Debug|Any CPU
		{78D4E10B-0DC4-4774-B46D-477101F3A1D3}.Debug|Any CPU.Build.0 = Debug|Any CPU
		{78D4E10B-0DC4-4774-B46D-477101F3A1D3}.Release|Any CPU.ActiveCfg = Release|Any CPU
		{78D4E10B-0DC4-4774-B46D-477101F3A1D3}.Release|Any CPU.Build.0 = Release|Any CPU
		{891D67B2-641A-4D37-8E3E-9CF7D7BF3C51}.Debug|Any CPU.ActiveCfg = Debug|Any CPU
		{891D67B2-641A-4D37-8E3E-9CF7D7BF3C51}.Debug|Any CPU.Build.0 = Debug|Any CPU
		{891D67B2-641A-4D37-8E3E-9CF7D7BF3C51}.Release|Any CPU.ActiveCfg = Release|Any CPU
		{891D67B2-641A-4D37-8E3E-9CF7D7BF3C51}.Release|Any CPU.Build.0 = Release|Any CPU
		{B5A856A2-DDB7-4D9B-8241-A55B9300239C}.Debug|Any CPU.ActiveCfg = Debug|Any CPU
		{B5A856A2-DDB7-4D9B-8241-A55B9300239C}.Debug|Any CPU.Build.0 = Debug|Any CPU
		{B5A856A2-DDB7-4D9B-8241-A55B9300239C}.Release|Any CPU.ActiveCfg = Release|Any CPU
		{B5A856A2-DDB7-4D9B-8241-A55B9300239C}.Release|Any CPU.Build.0 = Release|Any CPU
		{52A493D2-DFFA-4667-9F76-E9E9773F1888}.Debug|Any CPU.ActiveCfg = Debug|Any CPU
		{52A493D2-DFFA-4667-9F76-E9E9773F1888}.Debug|Any CPU.Build.0 = Debug|Any CPU
		{52A493D2-DFFA-4667-9F76-E9E9773F1888}.Release|Any CPU.ActiveCfg = Release|Any CPU
		{52A493D2-DFFA-4667-9F76-E9E9773F1888}.Release|Any CPU.Build.0 = Release|Any CPU
	EndGlobalSection
	GlobalSection(SolutionProperties) = preSolution
		HideSolutionNode = FALSE
	EndGlobalSection
EndGlobal
